
Microsoft Visual Studio Solution File, Format Version 12.00
# Visual Studio Version 17
VisualStudioVersion = 17.6.33717.318
MinimumVisualStudioVersion = 10.0.40219.1
Project("{FAE04EC0-301F-11D3-BF4B-00C04F79EFBC}") = "Dominio", "Dominio\Dominio.csproj", "{AB12F4B3-2DC6-4CFE-A0BE-09F5B6F79151}"
EndProject
Project("{FAE04EC0-301F-11D3-BF4B-00C04F79EFBC}") = "Persistencia", "Persistencia\Persistencia.csproj", "{4419A15B-26D4-434A-8048-01BC5803F2C2}"
EndProject
Project("{FAE04EC0-301F-11D3-BF4B-00C04F79EFBC}") = "Aplicacion", "Aplicacion\Aplicacion.csproj", "{E703F298-480E-4861-BFDA-7225459A9AD1}"
EndProject
Project("{FAE04EC0-301F-11D3-BF4B-00C04F79EFBC}") = "WebApi", "WebApi\WebApi.csproj", "{EA9B884B-BFA4-466D-8AC8-5BDBA5B9B0F5}"
EndProject
Global
	GlobalSection(SolutionConfigurationPlatforms) = preSolution
		Debug|Any CPU = Debug|Any CPU
		Release|Any CPU = Release|Any CPU
	EndGlobalSection
	GlobalSection(ProjectConfigurationPlatforms) = postSolution
		{AB12F4B3-2DC6-4CFE-A0BE-09F5B6F79151}.Debug|Any CPU.ActiveCfg = Debug|Any CPU
		{AB12F4B3-2DC6-4CFE-A0BE-09F5B6F79151}.Debug|Any CPU.Build.0 = Debug|Any CPU
		{AB12F4B3-2DC6-4CFE-A0BE-09F5B6F79151}.Release|Any CPU.ActiveCfg = Release|Any CPU
		{AB12F4B3-2DC6-4CFE-A0BE-09F5B6F79151}.Release|Any CPU.Build.0 = Release|Any CPU
		{4419A15B-26D4-434A-8048-01BC5803F2C2}.Debug|Any CPU.ActiveCfg = Debug|Any CPU
		{4419A15B-26D4-434A-8048-01BC5803F2C2}.Debug|Any CPU.Build.0 = Debug|Any CPU
		{4419A15B-26D4-434A-8048-01BC5803F2C2}.Release|Any CPU.ActiveCfg = Release|Any CPU
		{4419A15B-26D4-434A-8048-01BC5803F2C2}.Release|Any CPU.Build.0 = Release|Any CPU
		{E703F298-480E-4861-BFDA-7225459A9AD1}.Debug|Any CPU.ActiveCfg = Debug|Any CPU
		{E703F298-480E-4861-BFDA-7225459A9AD1}.Debug|Any CPU.Build.0 = Debug|Any CPU
		{E703F298-480E-4861-BFDA-7225459A9AD1}.Release|Any CPU.ActiveCfg = Release|Any CPU
		{E703F298-480E-4861-BFDA-7225459A9AD1}.Release|Any CPU.Build.0 = Release|Any CPU
		{EA9B884B-BFA4-466D-8AC8-5BDBA5B9B0F5}.Debug|Any CPU.ActiveCfg = Debug|Any CPU
		{EA9B884B-BFA4-466D-8AC8-5BDBA5B9B0F5}.Debug|Any CPU.Build.0 = Debug|Any CPU
		{EA9B884B-BFA4-466D-8AC8-5BDBA5B9B0F5}.Release|Any CPU.ActiveCfg = Release|Any CPU
		{EA9B884B-BFA4-466D-8AC8-5BDBA5B9B0F5}.Release|Any CPU.Build.0 = Release|Any CPU
	EndGlobalSection
	GlobalSection(SolutionProperties) = preSolution
		HideSolutionNode = FALSE
	EndGlobalSection
	GlobalSection(ExtensibilityGlobals) = postSolution
		SolutionGuid = {88B91212-CB92-4D83-AD31-8F61F84D2AD5}
	EndGlobalSection
EndGlobal
